<?xml version="1.0" encoding="utf-8"?>
<Project ToolsVersion="4.0" xmlns="http://schemas.microsoft.com/developer/msbuild/2003">
  <ItemGroup>
    <Filter Include="Source Files">
      <UniqueIdentifier>{4FC737F1-C7A5-4376-A066-2A32D752A2FF}</UniqueIdentifier>
      <Extensions>cpp;c;cc;cxx;def;odl;idl;hpj;bat;asm;asmx</Extensions>
    </Filter>
    <Filter Include="Header Files">
      <UniqueIdentifier>{93995380-89BD-4b04-88EB-625FBE52EBFB}</UniqueIdentifier>
      <Extensions>h;hh;hpp;hxx;hm;inl;inc;xsd</Extensions>
    </Filter>
    <Filter Include="Resource Files">
      <UniqueIdentifier>{67DA6AB6-F800-4c08-8B7A-83BB121AAD01}</UniqueIdentifier>
      <Extensions>rc;ico;cur;bmp;dlg;rc2;rct;bin;rgs;gif;jpg;jpeg;jpe;resx;tiff;tif;png;wav;mfcribbon-ms</Extensions>
    </Filter>
    <Filter Include="Source Files\xixlib">
      <UniqueIdentifier>{9b517af3-b7da-42fa-8700-6f45aa22077e}</UniqueIdentifier>
    </Filter>
    <Filter Include="Header Files\xixlib">
      <UniqueIdentifier>{af5adeba-0393-4d20-9339-3fe513d4c03d}</UniqueIdentifier>
    </Filter>
  </ItemGroup>
  <ItemGroup>
    <Text Include="ReadMe.txt" />
  </ItemGroup>
  <ItemGroup>
    <ClCompile Include="Engine.cpp">
      <Filter>Source Files\xixlib</Filter>
    </ClCompile>
    <ClCompile Include="Font.cpp">
      <Filter>Source Files\xixlib</Filter>
    </ClCompile>
    <ClCompile Include="GlContext.cpp">
      <Filter>Source Files\xixlib</Filter>
    </ClCompile>
    <ClCompile Include="Sdl.cpp">
      <Filter>Source Files\xixlib</Filter>
    </ClCompile>
    <ClCompile Include="SdlSurface.cpp">
      <Filter>Source Files\xixlib</Filter>
    </ClCompile>
    <ClCompile Include="SdlWindow.cpp">
      <Filter>Source Files\xixlib</Filter>
    </ClCompile>
    <ClCompile Include="InputManager.cpp">
      <Filter>Source Files\xixlib</Filter>
    </ClCompile>
    <ClCompile Include="SpriteBatch.cpp">
      <Filter>Source Files\xixlib</Filter>
    </ClCompile>
    <ClCompile Include="GLSLProgram.cpp">
      <Filter>Source Files\xixlib</Filter>
    </ClCompile>
    <ClCompile Include="Camera2D.cpp">
      <Filter>Source Files\xixlib</Filter>
    </ClCompile>
    <ClCompile Include="Audio.cpp">
      <Filter>Source Files\xixlib</Filter>
    </ClCompile>
    <ClCompile Include="TextureCache.cpp">
      <Filter>Source Files\xixlib</Filter>
    </ClCompile>
    <ClCompile Include="ParticleSystem.cpp">
      <Filter>Source Files\xixlib</Filter>
    </ClCompile>
  </ItemGroup>
  <ItemGroup>
    <ClInclude Include="Engine.h">
      <Filter>Header Files\xixlib</Filter>
    </ClInclude>
    <ClInclude Include="Font.h">
      <Filter>Header Files\xixlib</Filter>
    </ClInclude>
    <ClInclude Include="GlContext.h">
      <Filter>Header Files\xixlib</Filter>
    </ClInclude>
    <ClInclude Include="Sdl.h">
      <Filter>Header Files\xixlib</Filter>
    </ClInclude>
    <ClInclude Include="SdlSurface.h">
      <Filter>Header Files\xixlib</Filter>
    </ClInclude>
    <ClInclude Include="SdlWindow.h">
      <Filter>Header Files\xixlib</Filter>
    </ClInclude>
    <ClInclude Include="Updater.h">
      <Filter>Header Files\xixlib</Filter>
    </ClInclude>
    <ClInclude Include="InputManager.h">
      <Filter>Header Files\xixlib</Filter>
    </ClInclude>
    <ClInclude Include="SpriteBatch.h">
      <Filter>Header Files\xixlib</Filter>
    </ClInclude>
    <ClInclude Include="VertexData.h">
      <Filter>Header Files\xixlib</Filter>
    </ClInclude>
    <ClInclude Include="GLSLProgram.h">
      <Filter>Header Files\xixlib</Filter>
    </ClInclude>
    <ClInclude Include="Camera2D.h">
      <Filter>Header Files\xixlib</Filter>
    </ClInclude>
    <ClInclude Include="Audio.h">
      <Filter>Header Files\xixlib</Filter>
    </ClInclude>
    <ClInclude Include="TextureCache.h">
      <Filter>Header Files\xixlib</Filter>
    </ClInclude>
    <ClInclude Include="ParticleSystem.h">
      <Filter>Header Files\xixlib</Filter>
    </ClInclude>
    <ClInclude Include="Animator.h">
      <Filter>Header Files\xixlib</Filter>
    </ClInclude>
  </ItemGroup>
</Project>